<?xml version="1.0" encoding="utf-8"?>
<Project ToolsVersion="4.0" xmlns="http://schemas.microsoft.com/developer/msbuild/2003">
  <ItemGroup>
    <Filter Include="Source Files">
      <UniqueIdentifier>{4FC737F1-C7A5-4376-A066-2A32D752A2FF}</UniqueIdentifier>
      <Extensions>cpp;c;cc;cxx;c++;cppm;ixx;def;odl;idl;hpj;bat;asm;asmx</Extensions>
    </Filter>
    <Filter Include="Header Files">
      <UniqueIdentifier>{93995380-89BD-4b04-88EB-625FBE52EBFB}</UniqueIdentifier>
      <Extensions>h;hh;hpp;hxx;h++;hm;inl;inc;ipp;xsd</Extensions>
    </Filter>
    <Filter Include="Resource Files">
      <UniqueIdentifier>{67DA6AB6-F800-4c08-8B7A-83BB121AAD01}</UniqueIdentifier>
      <Extensions>rc;ico;cur;bmp;dlg;rc2;rct;bin;rgs;gif;jpg;jpeg;jpe;resx;tiff;tif;png;wav;mfcribbon-ms</Extensions>
    </Filter>
  </ItemGroup>
  <ItemGroup>
    <ClInclude Include="include\Camera.h">
      <Filter>Header Files</Filter>
    </ClInclude>
    <ClInclude Include="include\rendering\Shader.h">
      <Filter>Header Files</Filter>
    </ClInclude>
    <ClInclude Include="include\shapes\Cube.h">
      <Filter>Header Files</Filter>
    </ClInclude>
    <ClInclude Include="include\shapes\Plane.h">
      <Filter>Header Files</Filter>
    </ClInclude>
    <ClInclude Include="include\rendering\Renderer.h">
      <Filter>Header Files</Filter>
    </ClInclude>
    <ClInclude Include="include\lights\PointLight.h">
      <Filter>Header Files</Filter>
    </ClInclude>
    <ClInclude Include="include\lights\SpotLight.h">
      <Filter>Header Files</Filter>
    </ClInclude>
    <ClInclude Include="include\lights\Light.h">
      <Filter>Header Files</Filter>
    </ClInclude>
    <ClInclude Include="include\stb_image.h">
      <Filter>Header Files</Filter>
    </ClInclude>
    <ClInclude Include="include\rendering\Texture.h">
      <Filter>Header Files</Filter>
    </ClInclude>
    <ClInclude Include="include\shapes\Shape.h">
      <Filter>Header Files</Filter>
    </ClInclude>
    <ClInclude Include="include\rendering\Material.h">
      <Filter>Header Files</Filter>
    </ClInclude>
    <ClInclude Include="include\rendering\FrameBuffer.h">
      <Filter>Header Files</Filter>
    </ClInclude>
    <ClInclude Include="include\Properties.h">
      <Filter>Header Files</Filter>
    </ClInclude>
    <ClInclude Include="assets\shaders\fragment\blurPostProcess.frag">
      <Filter>Header Files</Filter>
    </ClInclude>
    <ClInclude Include="include\rendering\Skybox.h">
      <Filter>Header Files</Filter>
    </ClInclude>
  </ItemGroup>
  <ItemGroup>
    <ClCompile Include="src\Camera.cpp">
      <Filter>Source Files</Filter>
    </ClCompile>
    <ClCompile Include="src\glad.c">
      <Filter>Source Files</Filter>
    </ClCompile>
    <ClCompile Include="src\rendering\Shader.cpp">
      <Filter>Source Files</Filter>
    </ClCompile>
    <ClCompile Include="src\Source.cpp">
      <Filter>Source Files</Filter>
    </ClCompile>
    <ClCompile Include="src\shapes\Cube.cpp">
      <Filter>Source Files</Filter>
    </ClCompile>
    <ClCompile Include="src\shapes\Plane.cpp">
      <Filter>Source Files</Filter>
    </ClCompile>
    <ClCompile Include="src\rendering\Renderer.cpp">
      <Filter>Source Files</Filter>
    </ClCompile>
    <ClCompile Include="src\lights\PointLight.cpp">
      <Filter>Source Files</Filter>
    </ClCompile>
    <ClCompile Include="src\lights\Light.cpp">
      <Filter>Source Files</Filter>
    </ClCompile>
    <ClCompile Include="src\lights\SpotLight.cpp">
      <Filter>Source Files</Filter>
    </ClCompile>
    <ClCompile Include="src\stb_image.cpp">
      <Filter>Source Files</Filter>
    </ClCompile>
    <ClCompile Include="src\rendering\Texture.cpp">
      <Filter>Source Files</Filter>
    </ClCompile>
    <ClCompile Include="src\shapes\Shape.cpp">
      <Filter>Source Files</Filter>
    </ClCompile>
    <ClCompile Include="src\rendering\Material.cpp">
      <Filter>Source Files</Filter>
    </ClCompile>
    <ClCompile Include="src\rendering\FrameBuffer.cpp">
      <Filter>Source Files</Filter>
    </ClCompile>
    <ClCompile Include="src\rendering\Skybox.cpp">
      <Filter>Source Files</Filter>
    </ClCompile>
  </ItemGroup>
  <ItemGroup>
    <None Include="Shaders\plainFrag.fs" />
    <None Include="Shaders\plainVert.vs" />
    <None Include="assets\shaders\fragment\plainFrag.frag" />
    <None Include="assets\shaders\vertex\plainVert.vert" />
    <None Include="assets\shaders\fragment\floorFrag.frag" />
    <None Include="assets\shaders\vertex\lightShader.vert" />
    <None Include="assets\shaders\fragment\lightShader.frag" />
    <None Include="assets\shaders\vertex\postProcess.vert" />
    <None Include="assets\shaders\fragment\colPostProcess.frag" />
    <None Include="assets\shaders\fragment\depthPostProcess.frag" />
    <None Include="assets\shaders\fragment\bloomPostProcess.frag" />
    <None Include="assets\shaders\fragment\dofPostProcess.frag" />
    <None Include="assets\shaders\vertex\ShadowMap.vert" />
    <None Include="assets\shaders\fragment\ShadowMap.frag" />
    <None Include="assets\shaders\vertex\skybox.vert" />
    <None Include="assets\shaders\fragment\skybox.frag" />
  </ItemGroup>
  <ItemGroup>
    <Image Include="assets\textures\skybox\yokohama\negx.jpg">
      <Filter>Resource Files</Filter>
    </Image>
    <Image Include="assets\textures\skybox\yokohama\negy.jpg">
      <Filter>Resource Files</Filter>
    </Image>
    <Image Include="assets\textures\skybox\yokohama\negz.jpg">
      <Filter>Resource Files</Filter>
    </Image>
    <Image Include="assets\textures\skybox\yokohama\posx.jpg">
      <Filter>Resource Files</Filter>
    </Image>
    <Image Include="assets\textures\skybox\yokohama\posy.jpg">
      <Filter>Resource Files</Filter>
    </Image>
    <Image Include="assets\textures\skybox\yokohama\posz.jpg">
      <Filter>Resource Files</Filter>
    </Image>
  </ItemGroup>
</Project>